
Microsoft Visual Studio Solution File, Format Version 12.00
# Visual Studio Version 16
VisualStudioVersion = 16.0.31911.196
MinimumVisualStudioVersion = 10.0.40219.1
Project("{FAE04EC0-301F-11D3-BF4B-00C04F79EFBC}") = "MVC5.React.Example", "MVC5.React.Example\MVC5.React.Example.csproj", "{BBB76A0E-F2B6-4218-90E9-416B220BB974}"
EndProject
Global
	GlobalSection(SolutionConfigurationPlatforms) = preSolution
		Debug|Any CPU = Debug|Any CPU
		Release|Any CPU = Release|Any CPU
	EndGlobalSection
	GlobalSection(ProjectConfigurationPlatforms) = postSolution
		{BBB76A0E-F2B6-4218-90E9-416B220BB974}.Debug|Any CPU.ActiveCfg = Debug|Any CPU
		{BBB76A0E-F2B6-4218-90E9-416B220BB974}.Debug|Any CPU.Build.0 = Debug|Any CPU
		{BBB76A0E-F2B6-4218-90E9-416B220BB974}.Release|Any CPU.ActiveCfg = Release|Any CPU
		{BBB76A0E-F2B6-4218-90E9-416B220BB974}.Release|Any CPU.Build.0 = Release|Any CPU
	EndGlobalSection
	GlobalSection(SolutionProperties) = preSolution
		HideSolutionNode = FALSE
	EndGlobalSection
	GlobalSection(ExtensibilityGlobals) = postSolution
		SolutionGuid = {C86780E9-D63D-4EF0-8343-1AF7D40C3DE5}
	EndGlobalSection
EndGlobal
